
Microsoft Visual Studio Solution File, Format Version 12.00
# Visual Studio 14
VisualStudioVersion = 14.0.25420.1
MinimumVisualStudioVersion = 10.0.40219.1
Project("{FAE04EC0-301F-11D3-BF4B-00C04F79EFBC}") = "DotsGame", "DotsGame\DotsGame.csproj", "{F6E2A45D-7C8B-4A7C-AAD7-636596440FCB}"
EndProject
Project("{FAE04EC0-301F-11D3-BF4B-00C04F79EFBC}") = "PointsCSharp", "..\PointsCSharp\PointsCSharp\PointsCSharp.csproj", "{FB15D476-C784-4F21-980B-682CE0B6A9A9}"
EndProject
Project("{FAE04EC0-301F-11D3-BF4B-00C04F79EFBC}") = "Points", "..\Points_win10\Points\Points\Points.csproj", "{3A8B62E0-DEFB-4CFA-8169-B8BA554C6E2B}"
EndProject
Global
	GlobalSection(SolutionConfigurationPlatforms) = preSolution
		Debug|Any CPU = Debug|Any CPU
		Debug|ARM = Debug|ARM
		Debug|x64 = Debug|x64
		Debug|x86 = Debug|x86
		Release|Any CPU = Release|Any CPU
		Release|ARM = Release|ARM
		Release|x64 = Release|x64
		Release|x86 = Release|x86
	EndGlobalSection
	GlobalSection(ProjectConfigurationPlatforms) = postSolution
		{F6E2A45D-7C8B-4A7C-AAD7-636596440FCB}.Debug|Any CPU.ActiveCfg = Debug|Any CPU
		{F6E2A45D-7C8B-4A7C-AAD7-636596440FCB}.Debug|Any CPU.Build.0 = Debug|Any CPU
		{F6E2A45D-7C8B-4A7C-AAD7-636596440FCB}.Debug|ARM.ActiveCfg = Debug|Any CPU
		{F6E2A45D-7C8B-4A7C-AAD7-636596440FCB}.Debug|ARM.Build.0 = Debug|Any CPU
		{F6E2A45D-7C8B-4A7C-AAD7-636596440FCB}.Debug|x64.ActiveCfg = Debug|Any CPU
		{F6E2A45D-7C8B-4A7C-AAD7-636596440FCB}.Debug|x64.Build.0 = Debug|Any CPU
		{F6E2A45D-7C8B-4A7C-AAD7-636596440FCB}.Debug|x86.ActiveCfg = Debug|Any CPU
		{F6E2A45D-7C8B-4A7C-AAD7-636596440FCB}.Debug|x86.Build.0 = Debug|Any CPU
		{F6E2A45D-7C8B-4A7C-AAD7-636596440FCB}.Release|Any CPU.ActiveCfg = Release|Any CPU
		{F6E2A45D-7C8B-4A7C-AAD7-636596440FCB}.Release|Any CPU.Build.0 = Release|Any CPU
		{F6E2A45D-7C8B-4A7C-AAD7-636596440FCB}.Release|ARM.ActiveCfg = Release|Any CPU
		{F6E2A45D-7C8B-4A7C-AAD7-636596440FCB}.Release|ARM.Build.0 = Release|Any CPU
		{F6E2A45D-7C8B-4A7C-AAD7-636596440FCB}.Release|x64.ActiveCfg = Release|Any CPU
		{F6E2A45D-7C8B-4A7C-AAD7-636596440FCB}.Release|x64.Build.0 = Release|Any CPU
		{F6E2A45D-7C8B-4A7C-AAD7-636596440FCB}.Release|x86.ActiveCfg = Release|Any CPU
		{F6E2A45D-7C8B-4A7C-AAD7-636596440FCB}.Release|x86.Build.0 = Release|Any CPU
		{FB15D476-C784-4F21-980B-682CE0B6A9A9}.Debug|Any CPU.ActiveCfg = Debug|x86
		{FB15D476-C784-4F21-980B-682CE0B6A9A9}.Debug|Any CPU.Build.0 = Debug|x86
		{FB15D476-C784-4F21-980B-682CE0B6A9A9}.Debug|ARM.ActiveCfg = Debug|x86
		{FB15D476-C784-4F21-980B-682CE0B6A9A9}.Debug|x64.ActiveCfg = Debug|x86
		{FB15D476-C784-4F21-980B-682CE0B6A9A9}.Debug|x86.ActiveCfg = Debug|x86
		{FB15D476-C784-4F21-980B-682CE0B6A9A9}.Debug|x86.Build.0 = Debug|x86
		{FB15D476-C784-4F21-980B-682CE0B6A9A9}.Release|Any CPU.ActiveCfg = Release|x86
		{FB15D476-C784-4F21-980B-682CE0B6A9A9}.Release|ARM.ActiveCfg = Release|x86
		{FB15D476-C784-4F21-980B-682CE0B6A9A9}.Release|x64.ActiveCfg = Release|x86
		{FB15D476-C784-4F21-980B-682CE0B6A9A9}.Release|x86.ActiveCfg = Release|x86
		{FB15D476-C784-4F21-980B-682CE0B6A9A9}.Release|x86.Build.0 = Release|x86
		{3A8B62E0-DEFB-4CFA-8169-B8BA554C6E2B}.Debug|Any CPU.ActiveCfg = Debug|x86
		{3A8B62E0-DEFB-4CFA-8169-B8BA554C6E2B}.Debug|Any CPU.Build.0 = Debug|x86
		{3A8B62E0-DEFB-4CFA-8169-B8BA554C6E2B}.Debug|Any CPU.Deploy.0 = Debug|x86
		{3A8B62E0-DEFB-4CFA-8169-B8BA554C6E2B}.Debug|ARM.ActiveCfg = Debug|ARM
		{3A8B62E0-DEFB-4CFA-8169-B8BA554C6E2B}.Debug|ARM.Build.0 = Debug|ARM
		{3A8B62E0-DEFB-4CFA-8169-B8BA554C6E2B}.Debug|ARM.Deploy.0 = Debug|ARM
		{3A8B62E0-DEFB-4CFA-8169-B8BA554C6E2B}.Debug|x64.ActiveCfg = Debug|x64
		{3A8B62E0-DEFB-4CFA-8169-B8BA554C6E2B}.Debug|x64.Build.0 = Debug|x64
		{3A8B62E0-DEFB-4CFA-8169-B8BA554C6E2B}.Debug|x64.Deploy.0 = Debug|x64
		{3A8B62E0-DEFB-4CFA-8169-B8BA554C6E2B}.Debug|x86.ActiveCfg = Debug|x86
		{3A8B62E0-DEFB-4CFA-8169-B8BA554C6E2B}.Debug|x86.Build.0 = Debug|x86
		{3A8B62E0-DEFB-4CFA-8169-B8BA554C6E2B}.Debug|x86.Deploy.0 = Debug|x86
		{3A8B62E0-DEFB-4CFA-8169-B8BA554C6E2B}.Release|Any CPU.ActiveCfg = Release|x86
		{3A8B62E0-DEFB-4CFA-8169-B8BA554C6E2B}.Release|ARM.ActiveCfg = Release|ARM
		{3A8B62E0-DEFB-4CFA-8169-B8BA554C6E2B}.Release|ARM.Build.0 = Release|ARM
		{3A8B62E0-DEFB-4CFA-8169-B8BA554C6E2B}.Release|ARM.Deploy.0 = Release|ARM
		{3A8B62E0-DEFB-4CFA-8169-B8BA554C6E2B}.Release|x64.ActiveCfg = Release|x64
		{3A8B62E0-DEFB-4CFA-8169-B8BA554C6E2B}.Release|x64.Build.0 = Release|x64
		{3A8B62E0-DEFB-4CFA-8169-B8BA554C6E2B}.Release|x64.Deploy.0 = Release|x64
		{3A8B62E0-DEFB-4CFA-8169-B8BA554C6E2B}.Release|x86.ActiveCfg = Release|x86
		{3A8B62E0-DEFB-4CFA-8169-B8BA554C6E2B}.Release|x86.Build.0 = Release|x86
		{3A8B62E0-DEFB-4CFA-8169-B8BA554C6E2B}.Release|x86.Deploy.0 = Release|x86
	EndGlobalSection
	GlobalSection(SolutionProperties) = preSolution
		HideSolutionNode = FALSE
	EndGlobalSection
EndGlobal
